
Microsoft Visual Studio Solution File, Format Version 12.00
# Visual Studio Version 16
VisualStudioVersion = 16.0.31220.234
MinimumVisualStudioVersion = 10.0.40219.1
Project("{9A19103F-16F7-4668-BE54-9A1E7A4F7556}") = "Fritz.Bttf", "Fritz.Bttf.csproj", "{78ECAA5A-05E6-43BB-B7D9-C207D8BD9A0F}"
EndProject
Global
	GlobalSection(SolutionConfigurationPlatforms) = preSolution
		Debug|Any CPU = Debug|Any CPU
		Release|Any CPU = Release|Any CPU
	EndGlobalSection
	GlobalSection(ProjectConfigurationPlatforms) = postSolution
		{78ECAA5A-05E6-43BB-B7D9-C207D8BD9A0F}.Debug|Any CPU.ActiveCfg = Debug|Any CPU
		{78ECAA5A-05E6-43BB-B7D9-C207D8BD9A0F}.Debug|Any CPU.Build.0 = Debug|Any CPU
		{78ECAA5A-05E6-43BB-B7D9-C207D8BD9A0F}.Release|Any CPU.ActiveCfg = Release|Any CPU
		{78ECAA5A-05E6-43BB-B7D9-C207D8BD9A0F}.Release|Any CPU.Build.0 = Release|Any CPU
	EndGlobalSection
	GlobalSection(SolutionProperties) = preSolution
		HideSolutionNode = FALSE
	EndGlobalSection
	GlobalSection(ExtensibilityGlobals) = postSolution
		SolutionGuid = {E885E95C-6260-4BEA-8A1C-38CC7E8CCF4C}
	EndGlobalSection
EndGlobal
